
Microsoft Visual Studio Solution File, Format Version 12.00
# Visual Studio Version 16
VisualStudioVersion = 16.0.32228.343
MinimumVisualStudioVersion = 10.0.40219.1
Project("{FAE04EC0-301F-11D3-BF4B-00C04F79EFBC}") = "Interaktiivne raamat.Android", "Interaktiivne raamat.Android\Interaktiivne raamat.Android.csproj", "{B6FD63A2-F4E7-4E35-B476-013B388DEFB3}"
EndProject
Project("{FAE04EC0-301F-11D3-BF4B-00C04F79EFBC}") = "Interaktiivne raamat", "Interaktiivne raamat\Interaktiivne raamat.csproj", "{964AA283-FAE9-4413-A527-5B5B7BE0C373}"
EndProject
Global
	GlobalSection(SolutionConfigurationPlatforms) = preSolution
		Debug|Any CPU = Debug|Any CPU
		Release|Any CPU = Release|Any CPU
	EndGlobalSection
	GlobalSection(ProjectConfigurationPlatforms) = postSolution
		{B6FD63A2-F4E7-4E35-B476-013B388DEFB3}.Debug|Any CPU.ActiveCfg = Debug|Any CPU
		{B6FD63A2-F4E7-4E35-B476-013B388DEFB3}.Debug|Any CPU.Build.0 = Debug|Any CPU
		{B6FD63A2-F4E7-4E35-B476-013B388DEFB3}.Debug|Any CPU.Deploy.0 = Debug|Any CPU
		{B6FD63A2-F4E7-4E35-B476-013B388DEFB3}.Release|Any CPU.ActiveCfg = Release|Any CPU
		{B6FD63A2-F4E7-4E35-B476-013B388DEFB3}.Release|Any CPU.Build.0 = Release|Any CPU
		{B6FD63A2-F4E7-4E35-B476-013B388DEFB3}.Release|Any CPU.Deploy.0 = Release|Any CPU
		{964AA283-FAE9-4413-A527-5B5B7BE0C373}.Debug|Any CPU.ActiveCfg = Debug|Any CPU
		{964AA283-FAE9-4413-A527-5B5B7BE0C373}.Debug|Any CPU.Build.0 = Debug|Any CPU
		{964AA283-FAE9-4413-A527-5B5B7BE0C373}.Debug|Any CPU.Deploy.0 = Debug|Any CPU
		{964AA283-FAE9-4413-A527-5B5B7BE0C373}.Release|Any CPU.ActiveCfg = Release|Any CPU
		{964AA283-FAE9-4413-A527-5B5B7BE0C373}.Release|Any CPU.Build.0 = Release|Any CPU
		{964AA283-FAE9-4413-A527-5B5B7BE0C373}.Release|Any CPU.Deploy.0 = Release|Any CPU
	EndGlobalSection
	GlobalSection(SolutionProperties) = preSolution
		HideSolutionNode = FALSE
	EndGlobalSection
	GlobalSection(ExtensibilityGlobals) = postSolution
		SolutionGuid = {F73F634A-4BEF-4C90-A9AA-E1288F74B5A5}
	EndGlobalSection
EndGlobal
